PODS:
  - FlutterMacOS (1.0.0)
  - vpn_plugin (0.0.1):
    - FlutterMacOS

DEPENDENCIES:
  - FlutterMacOS (from `Flutter/ephemeral`)
  - vpn_plugin (from `Flutter/ephemeral/.symlinks/plugins/vpn_plugin/macos`)

EXTERNAL SOURCES:
  FlutterMacOS:
    :path: Flutter/ephemeral
  vpn_plugin:
    :path: Flutter/ephemeral/.symlinks/plugins/vpn_plugin/macos

SPEC CHECKSUMS:
  FlutterMacOS: 8f6f14fa908a6fb3fba0cd85dbd81ec4b251fb24
  vpn_plugin: 1ca8689977260783b3add7a0a4238c2dccfd35ce

PODFILE CHECKSUM: 236401fc2c932af29a9fcf0e97baeeb2d750d367

COCOAPODS: 1.15.2
