PODS:
  - app_links (6.4.1):
    - FlutterMacOS
  - file_picker (0.0.1):
    - FlutterMacOS
  - FlutterMacOS (1.0.0)
  - package_info_plus (0.0.1):
    - FlutterMacOS
  - path_provider_foundation (0.0.1):
    - Flutter
    - FlutterMacOS
  - sqlite3 (3.51.1):
    - sqlite3/common (= 3.51.1)
  - sqlite3/common (3.51.1)
  - sqlite3/dbstatvtab (3.51.1):
    - sqlite3/common
  - sqlite3/fts5 (3.51.1):
    - sqlite3/common
  - sqlite3/math (3.51.1):
    - sqlite3/common
  - sqlite3/perf-threadsafe (3.51.1):
    - sqlite3/common
  - sqlite3/rtree (3.51.1):
    - sqlite3/common
  - sqlite3/session (3.51.1):
    - sqlite3/common
  - sqlite3_flutter_libs (0.0.1):
    - Flutter
    - FlutterMacOS
    - sqlite3 (~> 3.51.1)
    - sqlite3/dbstatvtab
    - sqlite3/fts5
    - sqlite3/math
    - sqlite3/perf-threadsafe
    - sqlite3/rtree
    - sqlite3/session
  - tray_manager (0.1.0):
    - FlutterMacOS
  - TrustTunnelClient (1.1.5-beta.4)
  - url_launcher_macos (0.0.1):
    - FlutterMacOS
  - vpn_plugin (0.0.1):
    - FlutterMacOS
    - TrustTunnelClient

DEPENDENCIES:
  - app_links (from `Flutter/ephemeral/.symlinks/plugins/app_links/macos`)
  - file_picker (from `Flutter/ephemeral/.symlinks/plugins/file_picker/macos`)
  - FlutterMacOS (from `Flutter/ephemeral`)
  - package_info_plus (from `Flutter/ephemeral/.symlinks/plugins/package_info_plus/macos`)
  - path_provider_foundation (from `Flutter/ephemeral/.symlinks/plugins/path_provider_foundation/darwin`)
  - sqlite3_flutter_libs (from `Flutter/ephemeral/.symlinks/plugins/sqlite3_flutter_libs/darwin`)
  - tray_manager (from `Flutter/ephemeral/.symlinks/plugins/tray_manager/macos`)
  - TrustTunnelClient (from `../specs/TrustTunnelClient.podspec`)
  - url_launcher_macos (from `Flutter/ephemeral/.symlinks/plugins/url_launcher_macos/macos`)
  - vpn_plugin (from `Flutter/ephemeral/.symlinks/plugins/vpn_plugin/macos`)

SPEC REPOS:
  trunk:
    - sqlite3

EXTERNAL SOURCES:
  app_links:
    :path: Flutter/ephemeral/.symlinks/plugins/app_links/macos
  file_picker:
    :path: Flutter/ephemeral/.symlinks/plugins/file_picker/macos
  FlutterMacOS:
    :path: Flutter/ephemeral
  package_info_plus:
    :path: Flutter/ephemeral/.symlinks/plugins/package_info_plus/macos
  path_provider_foundation:
    :path: Flutter/ephemeral/.symlinks/plugins/path_provider_foundation/darwin
  sqlite3_flutter_libs:
    :path: Flutter/ephemeral/.symlinks/plugins/sqlite3_flutter_libs/darwin
  tray_manager:
    :path: Flutter/ephemeral/.symlinks/plugins/tray_manager/macos
  TrustTunnelClient:
    :podspec: "../specs/TrustTunnelClient.podspec"
  url_launcher_macos:
    :path: Flutter/ephemeral/.symlinks/plugins/url_launcher_macos/macos
  vpn_plugin:
    :path: Flutter/ephemeral/.symlinks/plugins/vpn_plugin/macos

SPEC CHECKSUMS:
  app_links: 05a6ec2341985eb05e9f97dc63f5837c39895c3f
  file_picker: 7584aae6fa07a041af2b36a2655122d42f578c1a
  FlutterMacOS: d0db08ddef1a9af05a5ec4b724367152bb0500b1
  package_info_plus: f0052d280d17aa382b932f399edf32507174e870
  path_provider_foundation: bb55f6dbba17d0dccd6737fe6f7f34fbd0376880
  sqlite3: 8d708bc63e9f4ce48f0ad9d6269e478c5ced1d9b
  sqlite3_flutter_libs: d13b8b3003f18f596e542bcb9482d105577eff41
  tray_manager: 3fe745b06dbc483013f503a8f1e483888c557996
  TrustTunnelClient: 982ee9fb999fc98168889ba1ba68861f7b13deeb
  url_launcher_macos: f87a979182d112f911de6820aefddaf56ee9fbfd
  vpn_plugin: fe6f1796a2b921d01d9bd75d72a06a7e4aebb2b1

PODFILE CHECKSUM: 20c50133fd7ee116d47fa2996cc72255bfc23c50

COCOAPODS: 1.16.2
