PODS:
  - Flutter (1.0.0)
  - vpn_plugin (0.0.1):
    - Flutter

DEPENDENCIES:
  - Flutter (from `Flutter`)
  - vpn_plugin (from `.symlinks/plugins/vpn_plugin/ios`)

EXTERNAL SOURCES:
  Flutter:
    :path: Flutter
  vpn_plugin:
    :path: ".symlinks/plugins/vpn_plugin/ios"

SPEC CHECKSUMS:
  Flutter: e0871f40cf51350855a761d2e70bf5af5b9b5de7
  vpn_plugin: fe43b9a147f952898ed2e52bd634d6d17b29291c

PODFILE CHECKSUM: 819463e6a0290f5a72f145ba7cde16e8b6ef0796

COCOAPODS: 1.15.2
